
Microsoft Visual Studio Solution File, Format Version 12.00
# Visual Studio 14
VisualStudioVersion = 14.0.25420.1
MinimumVisualStudioVersion = 10.0.40219.1
Project("{FAE04EC0-301F-11D3-BF4B-00C04F79EFBC}") = "ConsoleApp", "ConsoleApp\ConsoleApp.csproj", "{0BC0E88C-C2D1-486A-91BC-4BE37AEF1BA3}"
EndProject
Project("{FAE04EC0-301F-11D3-BF4B-00C04F79EFBC}") = "BikeDistributor.Core", "BikeDistributor.Core\BikeDistributor.Core.csproj", "{61A35E62-5EDC-4C8B-A66B-CC6C1FD98FCC}"
EndProject
Project("{FAE04EC0-301F-11D3-BF4B-00C04F79EFBC}") = "BikeDistributor.MockDataAccess", "BikeDistributor.MockDataAccess\BikeDistributor.MockDataAccess.csproj", "{B9738250-12D4-4A2F-91AB-2DF7FB2EBB93}"
EndProject
Global
	GlobalSection(SolutionConfigurationPlatforms) = preSolution
		Debug|Any CPU = Debug|Any CPU
		Release|Any CPU = Release|Any CPU
	EndGlobalSection
	GlobalSection(ProjectConfigurationPlatforms) = postSolution
		{0BC0E88C-C2D1-486A-91BC-4BE37AEF1BA3}.Debug|Any CPU.ActiveCfg = Debug|Any CPU
		{0BC0E88C-C2D1-486A-91BC-4BE37AEF1BA3}.Debug|Any CPU.Build.0 = Debug|Any CPU
		{0BC0E88C-C2D1-486A-91BC-4BE37AEF1BA3}.Release|Any CPU.ActiveCfg = Release|Any CPU
		{0BC0E88C-C2D1-486A-91BC-4BE37AEF1BA3}.Release|Any CPU.Build.0 = Release|Any CPU
		{61A35E62-5EDC-4C8B-A66B-CC6C1FD98FCC}.Debug|Any CPU.ActiveCfg = Debug|Any CPU
		{61A35E62-5EDC-4C8B-A66B-CC6C1FD98FCC}.Debug|Any CPU.Build.0 = Debug|Any CPU
		{61A35E62-5EDC-4C8B-A66B-CC6C1FD98FCC}.Release|Any CPU.ActiveCfg = Release|Any CPU
		{61A35E62-5EDC-4C8B-A66B-CC6C1FD98FCC}.Release|Any CPU.Build.0 = Release|Any CPU
		{B9738250-12D4-4A2F-91AB-2DF7FB2EBB93}.Debug|Any CPU.ActiveCfg = Debug|Any CPU
		{B9738250-12D4-4A2F-91AB-2DF7FB2EBB93}.Debug|Any CPU.Build.0 = Debug|Any CPU
		{B9738250-12D4-4A2F-91AB-2DF7FB2EBB93}.Release|Any CPU.ActiveCfg = Release|Any CPU
		{B9738250-12D4-4A2F-91AB-2DF7FB2EBB93}.Release|Any CPU.Build.0 = Release|Any CPU
	EndGlobalSection
	GlobalSection(SolutionProperties) = preSolution
		HideSolutionNode = FALSE
	EndGlobalSection
EndGlobal
